
Microsoft Visual Studio Solution File, Format Version 12.00
# Visual Studio Version 16
VisualStudioVersion = 16.0.30907.101
MinimumVisualStudioVersion = 10.0.40219.1
Project("{FAE04EC0-301F-11D3-BF4B-00C04F79EFBC}") = "GitFirstProj", "GitFirstProj.csproj", "{3ACDE10F-17E4-40D6-829D-FC249BC42C8B}"
EndProject
Global
	GlobalSection(SolutionConfigurationPlatforms) = preSolution
		Debug|Any CPU = Debug|Any CPU
		Release|Any CPU = Release|Any CPU
	EndGlobalSection
	GlobalSection(ProjectConfigurationPlatforms) = postSolution
		{3ACDE10F-17E4-40D6-829D-FC249BC42C8B}.Debug|Any CPU.ActiveCfg = Debug|Any CPU
		{3ACDE10F-17E4-40D6-829D-FC249BC42C8B}.Debug|Any CPU.Build.0 = Debug|Any CPU
		{3ACDE10F-17E4-40D6-829D-FC249BC42C8B}.Release|Any CPU.ActiveCfg = Release|Any CPU
		{3ACDE10F-17E4-40D6-829D-FC249BC42C8B}.Release|Any CPU.Build.0 = Release|Any CPU
	EndGlobalSection
	GlobalSection(SolutionProperties) = preSolution
		HideSolutionNode = FALSE
	EndGlobalSection
	GlobalSection(ExtensibilityGlobals) = postSolution
		SolutionGuid = {324982EB-802F-47FE-A62B-512CB681121B}
	EndGlobalSection
EndGlobal
